
Microsoft Visual Studio Solution File, Format Version 12.00
# Visual Studio Version 17
VisualStudioVersion = 17.14.36127.28
MinimumVisualStudioVersion = 10.0.40219.1
Project("{FAE04EC0-301F-11D3-BF4B-00C04F79EFBC}") = "Backend", "Backend\Backend.csproj", "{BF23D066-410A-4A30-991A-1188B9F741B3}"
EndProject
Project("{FAE04EC0-301F-11D3-BF4B-00C04F79EFBC}") = "Backend.IntegrationTests", "Backend.IntegrationTests\Backend.IntegrationTests.csproj", "{7BCBD775-C3E1-6B3B-B47E-C8EDA992D02B}"
EndProject
Global
	GlobalSection(SolutionConfigurationPlatforms) = preSolution
		Debug|Any CPU = Debug|Any CPU
		Release|Any CPU = Release|Any CPU
	EndGlobalSection
	GlobalSection(ProjectConfigurationPlatforms) = postSolution
		{BF23D066-410A-4A30-991A-1188B9F741B3}.Debug|Any CPU.ActiveCfg = Debug|Any CPU
		{BF23D066-410A-4A30-991A-1188B9F741B3}.Debug|Any CPU.Build.0 = Debug|Any CPU
		{BF23D066-410A-4A30-991A-1188B9F741B3}.Release|Any CPU.ActiveCfg = Release|Any CPU
		{BF23D066-410A-4A30-991A-1188B9F741B3}.Release|Any CPU.Build.0 = Release|Any CPU
		{7BCBD775-C3E1-6B3B-B47E-C8EDA992D02B}.Debug|Any CPU.ActiveCfg = Debug|Any CPU
		{7BCBD775-C3E1-6B3B-B47E-C8EDA992D02B}.Debug|Any CPU.Build.0 = Debug|Any CPU
		{7BCBD775-C3E1-6B3B-B47E-C8EDA992D02B}.Release|Any CPU.ActiveCfg = Release|Any CPU
		{7BCBD775-C3E1-6B3B-B47E-C8EDA992D02B}.Release|Any CPU.Build.0 = Release|Any CPU
	EndGlobalSection
	GlobalSection(SolutionProperties) = preSolution
		HideSolutionNode = FALSE
	EndGlobalSection
	GlobalSection(ExtensibilityGlobals) = postSolution
		SolutionGuid = {7E7726AC-481B-4A42-AFA6-FF773400B819}
	EndGlobalSection
EndGlobal
